// !$*UTF8*$!
{
	archiveVersion = 1;
	classes = {
	};
	objectVersion = 55;
	objects = {

/* Begin PBXBuildFile section */
		CEFD5222280EACD7001BEFB1 /* AppDelegate.swift in Sources */ = {isa = PBXBuildFile; fileRef = CEFD5221280EACD7001BEFB1 /* AppDelegate.swift */; };
		CEFD5224280EACD7001BEFB1 /* SceneDelegate.swift in Sources */ = {isa = PBXBuildFile; fileRef = CEFD5223280EACD7001BEFB1 /* SceneDelegate.swift */; };
		CEFD5226280EACD7001BEFB1 /* ViewController.swift in Sources */ = {isa = PBXBuildFile; fileRef = CEFD5225280EACD7001BEFB1 /* ViewController.swift */; };
		CEFD5229280EACD7001BEFB1 /* Main.storyboard in Resources */ = {isa = PBXBuildFile; fileRef = CEFD5227280EACD7001BEFB1 /* Main.storyboard */; };
		CEFD522C280EACD7001BEFB1 /* ConstraintsDemo.xcdatamodeld in Sources */ = {isa = PBXBuildFile; fileRef = CEFD522A280EACD7001BEFB1 /* ConstraintsDemo.xcdatamodeld */; };
		CEFD522E280EACDC001BEFB1 /* Assets.xcassets in Resources */ = {isa = PBXBuildFile; fileRef = CEFD522D280EACDC001BEFB1 /* Assets.xcassets */; };
		CEFD5231280EACDC001BEFB1 /* LaunchScreen.storyboard in Resources */ = {isa = PBXBuildFile; fileRef = CEFD522F280EACDC001BEFB1 /* LaunchScreen.storyboard */; };
		CEFD523C280EACDC001BEFB1 /* ConstraintsDemoTests.swift in Sources */ = {isa = PBXBuildFile; fileRef = CEFD523B280EACDC001BEFB1 /* ConstraintsDemoTests.swift */; };
		CEFD5246280EACDC001BEFB1 /* ConstraintsDemoUITests.swift in Sources */ = {isa = PBXBuildFile; fileRef = CEFD5245280EACDC001BEFB1 /* ConstraintsDemoUITests.swift */; };
		CEFD5248280EACDC001BEFB1 /* ConstraintsDemoUITestsLaunchTests.swift in Sources */ = {isa = PBXBuildFile; fileRef = CEFD5247280EACDC001BEFB1 /* ConstraintsDemoUITestsLaunchTests.swift */; };
/* End PBXBuildFile section */

/* Begin PBXContainerItemProxy section */
		CEFD5238280EACDC001BEFB1 /* PBXContainerItemProxy */ = {
			isa = PBXContainerItemProxy;
			containerPortal = CEFD5216280EACD6001BEFB1 /* Project object */;
			proxyType = 1;
			remoteGlobalIDString = CEFD521D280EACD6001BEFB1;
			remoteInfo = ConstraintsDemo;
		};
		CEFD5242280EACDC001BEFB1 /* PBXContainerItemProxy */ = {
			isa = PBXContainerItemProxy;
			containerPortal = CEFD5216280EACD6001BEFB1 /* Project object */;
			proxyType = 1;
			remoteGlobalIDString = CEFD521D280EACD6001BEFB1;
			remoteInfo = ConstraintsDemo;
		};
/* End PBXContainerItemProxy section */

/* Begin PBXFileReference section */
		CEFD521E280EACD7001BEFB1 /* ConstraintsDemo.app */ = {isa = PBXFileReference; explicitFileType = wrapper.application; includeInIndex = 0; path = ConstraintsDemo.app; sourceTree = BUILT_PRODUCTS_DIR; };
		CEFD5221280EACD7001BEFB1 /* AppDelegate.swift */ = {isa = PBXFileReference; lastKnownFileType = sourcecode.swift; path = AppDelegate.swift; sourceTree = "<group>"; };
		CEFD5223280EACD7001BEFB1 /* SceneDelegate.swift */ = {isa = PBXFileReference; lastKnownFileType = sourcecode.swift; path = SceneDelegate.swift; sourceTree = "<group>"; };
		CEFD5225280EACD7001BEFB1 /* ViewController.swift */ = {isa = PBXFileReference; lastKnownFileType = sourcecode.swift; path = ViewController.swift; sourceTree = "<group>"; };
		CEFD5228280EACD7001BEFB1 /* Base */ = {isa = PBXFileReference; lastKnownFileType = file.storyboard; name = Base; path = Base.lproj/Main.storyboard; sourceTree = "<group>"; };
		CEFD522B280EACD7001BEFB1 /* ConstraintsDemo.xcdatamodel */ = {isa = PBXFileReference; lastKnownFileType = wrapper.xcdatamodel; path = ConstraintsDemo.xcdatamodel; sourceTree = "<group>"; };
		CEFD522D280EACDC001BEFB1 /* Assets.xcassets */ = {isa = PBXFileReference; lastKnownFileType = folder.assetcatalog; path = Assets.xcassets; sourceTree = "<group>"; };
		CEFD5230280EACDC001BEFB1 /* Base */ = {isa = PBXFileReference; lastKnownFileType = file.storyboard; name = Base; path = Base.lproj/LaunchScreen.storyboard; sourceTree = "<group>"; };
		CEFD5232280EACDC001BEFB1 /* Info.plist */ = {isa = PBXFileReference; lastKnownFileType = text.plist.xml; path = Info.plist; sourceTree = "<group>"; };
		CEFD5237280EACDC001BEFB1 /* ConstraintsDemoTests.xctest */ = {isa = PBXFileReference; explicitFileType = wrapper.cfbundle; includeInIndex = 0; path = ConstraintsDemoTests.xctest; sourceTree = BUILT_PRODUCTS_DIR; };
		CEFD523B280EACDC001BEFB1 /* ConstraintsDemoTests.swift */ = {isa = PBXFileReference; lastKnownFileType = sourcecode.swift; path = ConstraintsDemoTests.swift; sourceTree = "<group>"; };
		CEFD5241280EACDC001BEFB1 /* ConstraintsDemoUITests.xctest */ = {isa = PBXFileReference; explicitFileType = wrapper.cfbundle; includeInIndex = 0; path = ConstraintsDemoUITests.xctest; sourceTree = BUILT_PRODUCTS_DIR; };
		CEFD5245280EACDC001BEFB1 /* ConstraintsDemoUITests.swift */ = {isa = PBXFileReference; lastKnownFileType = sourcecode.swift; path = ConstraintsDemoUITests.swift; sourceTree = "<group>"; };
		CEFD5247280EACDC001BEFB1 /* ConstraintsDemoUITestsLaunchTests.swift */ = {isa = PBXFileReference; lastKnownFileType = sourcecode.swift; path = ConstraintsDemoUITestsLaunchTests.swift; sourceTree = "<group>"; };
/* End PBXFileReference section */

/* Begin PBXFrameworksBuildPhase section */
		CEFD521B280EACD6001BEFB1 /* Frameworks */ = {
			isa = PBXFrameworksBuildPhase;
			buildActionMask = 2147483647;
			files = (
			);
			runOnlyForDeploymentPostprocessing = 0;
		};
		CEFD5234280EACDC001BEFB1 /* Frameworks */ = {
			isa = PBXFrameworksBuildPhase;
			buildActionMask = 2147483647;
			files = (
			);
			runOnlyForDeploymentPostprocessing = 0;
		};
		CEFD523E280EACDC001BEFB1 /* Frameworks */ = {
			isa = PBXFrameworksBuildPhase;
			buildActionMask = 2147483647;
			files = (
			);
			runOnlyForDeploymentPostprocessing = 0;
		};
/* End PBXFrameworksBuildPhase section */

/* Begin PBXGroup section */
		CEFD5215280EACD6001BEFB1 = {
			isa = PBXGroup;
			children = (
				CEFD5220280EACD7001BEFB1 /* ConstraintsDemo */,
				CEFD523A280EACDC001BEFB1 /* ConstraintsDemoTests */,
				CEFD5244280EACDC001BEFB1 /* ConstraintsDemoUITests */,
				CEFD521F280EACD7001BEFB1 /* Products */,
			);
			sourceTree = "<group>";
		};
		CEFD521F280EACD7001BEFB1 /* Products */ = {
			isa = PBXGroup;
			children = (
				CEFD521E280EACD7001BEFB1 /* ConstraintsDemo.app */,
				CEFD5237280EACDC001BEFB1 /* ConstraintsDemoTests.xctest */,
				CEFD5241280EACDC001BEFB1 /* ConstraintsDemoUITests.xctest */,
			);
			name = Products;
			sourceTree = "<group>";
		};
		CEFD5220280EACD7001BEFB1 /* ConstraintsDemo */ = {
			isa = PBXGroup;
			children = (
				CEFD5221280EACD7001BEFB1 /* AppDelegate.swift */,
				CEFD5223280EACD7001BEFB1 /* SceneDelegate.swift */,
				CEFD5225280EACD7001BEFB1 /* ViewController.swift */,
				CEFD5227280EACD7001BEFB1 /* Main.storyboard */,
				CEFD522D280EACDC001BEFB1 /* Assets.xcassets */,
				CEFD522F280EACDC001BEFB1 /* LaunchScreen.storyboard */,
				CEFD5232280EACDC001BEFB1 /* Info.plist */,
				CEFD522A280EACD7001BEFB1 /* ConstraintsDemo.xcdatamodeld */,
			);
			path = ConstraintsDemo;
			sourceTree = "<group>";
		};
		CEFD523A280EACDC001BEFB1 /* ConstraintsDemoTests */ = {
			isa = PBXGroup;
			children = (
				CEFD523B280EACDC001BEFB1 /* ConstraintsDemoTests.swift */,
			);
			path = ConstraintsDemoTests;
			sourceTree = "<group>";
		};
		CEFD5244280EACDC001BEFB1 /* ConstraintsDemoUITests */ = {
			isa = PBXGroup;
			children = (
				CEFD5245280EACDC001BEFB1 /* ConstraintsDemoUITests.swift */,
				CEFD5247280EACDC001BEFB1 /* ConstraintsDemoUITestsLaunchTests.swift */,
			);
			path = ConstraintsDemoUITests;
			sourceTree = "<group>";
		};
/* End PBXGroup section */

/* Begin PBXNativeTarget section */
		CEFD521D280EACD6001BEFB1 /* ConstraintsDemo */ = {
			isa = PBXNativeTarget;
			buildConfigurationList = CEFD524B280EACDC001BEFB1 /* Build configuration list for PBXNativeTarget "ConstraintsDemo" */;
			buildPhases = (
				CEFD521A280EACD6001BEFB1 /* Sources */,
				CEFD521B280EACD6001BEFB1 /* Frameworks */,
				CEFD521C280EACD6001BEFB1 /* Resources */,
			);
			buildRules = (
			);
			dependencies = (
			);
			name = ConstraintsDemo;
			productName = ConstraintsDemo;
			productReference = CEFD521E280EACD7001BEFB1 /* ConstraintsDemo.app */;
			productType = "com.apple.product-type.application";
		};
		CEFD5236280EACDC001BEFB1 /* ConstraintsDemoTests */ = {
			isa = PBXNativeTarget;
			buildConfigurationList = CEFD524E280EACDC001BEFB1 /* Build configuration list for PBXNativeTarget "ConstraintsDemoTests" */;
			buildPhases = (
				CEFD5233280EACDC001BEFB1 /* Sources */,
				CEFD5234280EACDC001BEFB1 /* Frameworks */,
				CEFD5235280EACDC001BEFB1 /* Resources */,
			);
			buildRules = (
			);
			dependencies = (
				CEFD5239280EACDC001BEFB1 /* PBXTargetDependency */,
			);
			name = ConstraintsDemoTests;
			productName = ConstraintsDemoTests;
			productReference = CEFD5237280EACDC001BEFB1 /* ConstraintsDemoTests.xctest */;
			productType = "com.apple.product-type.bundle.unit-test";
		};
		CEFD5240280EACDC001BEFB1 /* ConstraintsDemoUITests */ = {
			isa = PBXNativeTarget;
			buildConfigurationList = CEFD5251280EACDC001BEFB1 /* Build configuration list for PBXNativeTarget "ConstraintsDemoUITests" */;
			buildPhases = (
				CEFD523D280EACDC001BEFB1 /* Sources */,
				CEFD523E280EACDC001BEFB1 /* Frameworks */,
				CEFD523F280EACDC001BEFB1 /* Resources */,
			);
			buildRules = (
			);
			dependencies = (
				CEFD5243280EACDC001BEFB1 /* PBXTargetDependency */,
			);
			name = ConstraintsDemoUITests;
			productName = ConstraintsDemoUITests;
			productReference = CEFD5241280EACDC001BEFB1 /* ConstraintsDemoUITests.xctest */;
			productType = "com.apple.product-type.bundle.ui-testing";
		};
/* End PBXNativeTarget section */

/* Begin PBXProject section */
		CEFD5216280EACD6001BEFB1 /* Project object */ = {
			isa = PBXProject;
			attributes = {
				BuildIndependentTargetsInParallel = 1;
				LastSwiftUpdateCheck = 1330;
				LastUpgradeCheck = 1330;
				TargetAttributes = {
					CEFD521D280EACD6001BEFB1 = {
						CreatedOnToolsVersion = 13.3;
					};
					CEFD5236280EACDC001BEFB1 = {
						CreatedOnToolsVersion = 13.3;
						TestTargetID = CEFD521D280EACD6001BEFB1;
					};
					CEFD5240280EACDC001BEFB1 = {
						CreatedOnToolsVersion = 13.3;
						TestTargetID = CEFD521D280EACD6001BEFB1;
					};
				};
			};
			buildConfigurationList = CEFD5219280EACD6001BEFB1 /* Build configuration list for PBXProject "ConstraintsDemo" */;
			compatibilityVersion = "Xcode 13.0";
			developmentRegion = en;
			hasScannedForEncodings = 0;
			knownRegions = (
				en,
				Base,
			);
			mainGroup = CEFD5215280EACD6001BEFB1;
			productRefGroup = CEFD521F280EACD7001BEFB1 /* Products */;
			projectDirPath = "";
			projectRoot = "";
			targets = (
				CEFD521D280EACD6001BEFB1 /* ConstraintsDemo */,
				CEFD5236280EACDC001BEFB1 /* ConstraintsDemoTests */,
				CEFD5240280EACDC001BEFB1 /* ConstraintsDemoUITests */,
			);
		};
/* End PBXProject section */

/* Begin PBXResourcesBuildPhase section */
		CEFD521C280EACD6001BEFB1 /* Resources */ = {
			isa = PBXResourcesBuildPhase;
			buildActionMask = 2147483647;
			files = (
				CEFD5231280EACDC001BEFB1 /* LaunchScreen.storyboard in Resources */,
				CEFD522E280EACDC001BEFB1 /* Assets.xcassets in Resources */,
				CEFD5229280EACD7001BEFB1 /* Main.storyboard in Resources */,
			);
			runOnlyForDeploymentPostprocessing = 0;
		};
		CEFD5235280EACDC001BEFB1 /* Resources */ = {
			isa = PBXResourcesBuildPhase;
			buildActionMask = 2147483647;
			files = (
			);
			runOnlyForDeploymentPostprocessing = 0;
		};
		CEFD523F280EACDC001BEFB1 /* Resources */ = {
			isa = PBXResourcesBuildPhase;
			buildActionMask = 2147483647;
			files = (
			);
			runOnlyForDeploymentPostprocessing = 0;
		};
/* End PBXResourcesBuildPhase section */

/* Begin PBXSourcesBuildPhase section */
		CEFD521A280EACD6001BEFB1 /* Sources */ = {
			isa = PBXSourcesBuildPhase;
			buildActionMask = 2147483647;
			files = (
				CEFD5226280EACD7001BEFB1 /* ViewController.swift in Sources */,
				CEFD522C280EACD7001BEFB1 /* ConstraintsDemo.xcdatamodeld in Sources */,
				CEFD5222280EACD7001BEFB1 /* AppDelegate.swift in Sources */,
				CEFD5224280EACD7001BEFB1 /* SceneDelegate.swift in Sources */,
			);
			runOnlyForDeploymentPostprocessing = 0;
		};
		CEFD5233280EACDC001BEFB1 /* Sources */ = {
			isa = PBXSourcesBuildPhase;
			buildActionMask = 2147483647;
			files = (
				CEFD523C280EACDC001BEFB1 /* ConstraintsDemoTests.swift in Sources */,
			);
			runOnlyForDeploymentPostprocessing = 0;
		};
		CEFD523D280EACDC001BEFB1 /* Sources */ = {
			isa = PBXSourcesBuildPhase;
			buildActionMask = 2147483647;
			files = (
				CEFD5248280EACDC001BEFB1 /* ConstraintsDemoUITestsLaunchTests.swift in Sources */,
				CEFD5246280EACDC001BEFB1 /* ConstraintsDemoUITests.swift in Sources */,
			);
			runOnlyForDeploymentPostprocessing = 0;
		};
/* End PBXSourcesBuildPhase section */

/* Begin PBXTargetDependency section */
		CEFD5239280EACDC001BEFB1 /* PBXTargetDependency */ = {
			isa = PBXTargetDependency;
			target = CEFD521D280EACD6001BEFB1 /* ConstraintsDemo */;
			targetProxy = CEFD5238280EACDC001BEFB1 /* PBXContainerItemProxy */;
		};
		CEFD5243280EACDC001BEFB1 /* PBXTargetDependency */ = {
			isa = PBXTargetDependency;
			target = CEFD521D280EACD6001BEFB1 /* ConstraintsDemo */;
			targetProxy = CEFD5242280EACDC001BEFB1 /* PBXContainerItemProxy */;
		};
/* End PBXTargetDependency section */

/* Begin PBXVariantGroup section */
		CEFD5227280EACD7001BEFB1 /* Main.storyboard */ = {
			isa = PBXVariantGroup;
			children = (
				CEFD5228280EACD7001BEFB1 /* Base */,
			);
			name = Main.storyboard;
			sourceTree = "<group>";
		};
		CEFD522F280EACDC001BEFB1 /* LaunchScreen.storyboard */ = {
			isa = PBXVariantGroup;
			children = (
				CEFD5230280EACDC001BEFB1 /* Base */,
			);
			name = LaunchScreen.storyboard;
			sourceTree = "<group>";
		};
/* End PBXVariantGroup section */

/* Begin XCBuildConfiguration section */
		CEFD5249280EACDC001BEFB1 /* Debug */ = {
			isa = XCBuildConfiguration;
			buildSettings = {
				ALWAYS_SEARCH_USER_PATHS = NO;
				CLANG_ANALYZER_NONNULL = YES;
				CLANG_ANALYZER_NUMBER_OBJECT_CONVERSION = YES_AGGRESSIVE;
				CLANG_CXX_LANGUAGE_STANDARD = "gnu++17";
				CLANG_ENABLE_MODULES = YES;
				CLANG_ENABLE_OBJC_ARC = YES;
				CLANG_ENABLE_OBJC_WEAK = YES;
				CLANG_WARN_BLOCK_CAPTURE_AUTORELEASING = YES;
				CLANG_WARN_BOOL_CONVERSION = YES;
				CLANG_WARN_COMMA = YES;
				CLANG_WARN_CONSTANT_CONVERSION = YES;
				CLANG_WARN_DEPRECATED_OBJC_IMPLEMENTATIONS = YES;
				CLANG_WARN_DIRECT_OBJC_ISA_USAGE = YES_ERROR;
				CLANG_WARN_DOCUMENTATION_COMMENTS = YES;
				CLANG_WARN_EMPTY_BODY = YES;
				CLANG_WARN_ENUM_CONVERSION = YES;
				CLANG_WARN_INFINITE_RECURSION = YES;
				CLANG_WARN_INT_CONVERSION = YES;
				CLANG_WARN_NON_LITERAL_NULL_CONVERSION = YES;
				CLANG_WARN_OBJC_IMPLICIT_RETAIN_SELF = YES;
				CLANG_WARN_OBJC_LITERAL_CONVERSION = YES;
				CLANG_WARN_OBJC_ROOT_CLASS = YES_ERROR;
				CLANG_WARN_QUOTED_INCLUDE_IN_FRAMEWORK_HEADER = YES;
				CLANG_WARN_RANGE_LOOP_ANALYSIS = YES;
				CLANG_WARN_STRICT_PROTOTYPES = YES;
				CLANG_WARN_SUSPICIOUS_MOVE = YES;
				CLANG_WARN_UNGUARDED_AVAILABILITY = YES_AGGRESSIVE;
				CLANG_WARN_UNREACHABLE_CODE = YES;
				CLANG_WARN__DUPLICATE_METHOD_MATCH = YES;
				COPY_PHASE_STRIP = NO;
				DEBUG_INFORMATION_FORMAT = dwarf;
				ENABLE_STRICT_OBJC_MSGSEND = YES;
				ENABLE_TESTABILITY = YES;
				GCC_C_LANGUAGE_STANDARD = gnu11;
				GCC_DYNAMIC_NO_PIC = NO;
				GCC_NO_COMMON_BLOCKS = YES;
				GCC_OPTIMIZATION_LEVEL = 0;
				GCC_PREPROCESSOR_DEFINITIONS = (
					"DEBUG=1",
					"$(inherited)",
				);
				GCC_WARN_64_TO_32_BIT_CONVERSION = YES;
				GCC_WARN_ABOUT_RETURN_TYPE = YES_ERROR;
				GCC_WARN_UNDECLARED_SELECTOR = YES;
				GCC_WARN_UNINITIALIZED_AUTOS = YES_AGGRESSIVE;
				GCC_WARN_UNUSED_FUNCTION = YES;
				GCC_WARN_UNUSED_VARIABLE = YES;
				IPHONEOS_DEPLOYMENT_TARGET = 15.4;
				MTL_ENABLE_DEBUG_INFO = INCLUDE_SOURCE;
				MTL_FAST_MATH = YES;
				ONLY_ACTIVE_ARCH = YES;
				SDKROOT = iphoneos;
				SWIFT_ACTIVE_COMPILATION_CONDITIONS = DEBUG;
				SWIFT_OPTIMIZATION_LEVEL = "-Onone";
			};
			name = Debug;
		};
		CEFD524A280EACDC001BEFB1 /* Release */ = {
			isa = XCBuildConfiguration;
			buildSettings = {
				ALWAYS_SEARCH_USER_PATHS = NO;
				CLANG_ANALYZER_NONNULL = YES;
				CLANG_ANALYZER_NUMBER_OBJECT_CONVERSION = YES_AGGRESSIVE;
				CLANG_CXX_LANGUAGE_STANDARD = "gnu++17";
				CLANG_ENABLE_MODULES = YES;
				CLANG_ENABLE_OBJC_ARC = YES;
				CLANG_ENABLE_OBJC_WEAK = YES;
				CLANG_WARN_BLOCK_CAPTURE_AUTORELEASING = YES;
				CLANG_WARN_BOOL_CONVERSION = YES;
				CLANG_WARN_COMMA = YES;
				CLANG_WARN_CONSTANT_CONVERSION = YES;
				CLANG_WARN_DEPRECATED_OBJC_IMPLEMENTATIONS = YES;
				CLANG_WARN_DIRECT_OBJC_ISA_USAGE = YES_ERROR;
				CLANG_WARN_DOCUMENTATION_COMMENTS = YES;
				CLANG_WARN_EMPTY_BODY = YES;
				CLANG_WARN_ENUM_CONVERSION = YES;
				CLANG_WARN_INFINITE_RECURSION = YES;
				CLANG_WARN_INT_CONVERSION = YES;
				CLANG_WARN_NON_LITERAL_NULL_CONVERSION = YES;
				CLANG_WARN_OBJC_IMPLICIT_RETAIN_SELF = YES;
				CLANG_WARN_OBJC_LITERAL_CONVERSION = YES;
				CLANG_WARN_OBJC_ROOT_CLASS = YES_ERROR;
				CLANG_WARN_QUOTED_INCLUDE_IN_FRAMEWORK_HEADER = YES;
				CLANG_WARN_RANGE_LOOP_ANALYSIS = YES;
				CLANG_WARN_STRICT_PROTOTYPES = YES;
				CLANG_WARN_SUSPICIOUS_MOVE = YES;
				CLANG_WARN_UNGUARDED_AVAILABILITY = YES_AGGRESSIVE;
				CLANG_WARN_UNREACHABLE_CODE = YES;
				CLANG_WARN__DUPLICATE_METHOD_MATCH = YES;
				COPY_PHASE_STRIP = NO;
				DEBUG_INFORMATION_FORMAT = "dwarf-with-dsym";
				ENABLE_NS_ASSERTIONS = NO;
				ENABLE_STRICT_OBJC_MSGSEND = YES;
				GCC_C_LANGUAGE_STANDARD = gnu11;
				GCC_NO_COMMON_BLOCKS = YES;
				GCC_WARN_64_TO_32_BIT_CONVERSION = YES;
				GCC_WARN_ABOUT_RETURN_TYPE = YES_ERROR;
				GCC_WARN_UNDECLARED_SELECTOR = YES;
				GCC_WARN_UNINITIALIZED_AUTOS = YES_AGGRESSIVE;
				GCC_WARN_UNUSED_FUNCTION = YES;
				GCC_WARN_UNUSED_VARIABLE = YES;
				IPHONEOS_DEPLOYMENT_TARGET = 15.4;
				MTL_ENABLE_DEBUG_INFO = NO;
				MTL_FAST_MATH = YES;
				SDKROOT = iphoneos;
				SWIFT_COMPILATION_MODE = wholemodule;
				SWIFT_OPTIMIZATION_LEVEL = "-O";
				VALIDATE_PRODUCT = YES;
			};
			name = Release;
		};
		CEFD524C280EACDC001BEFB1 /* Debug */ = {
			isa = XCBuildConfiguration;
			buildSettings = {
				ASSETCATALOG_COMPILER_APPICON_NAME = AppIcon;
				ASSETCATALOG_COMPILER_GLOBAL_ACCENT_COLOR_NAME = AccentColor;
				CODE_SIGN_STYLE = Automatic;
				CURRENT_PROJECT_VERSION = 1;
				DEVELOPMENT_TEAM = CR2VUWWTB9;
				GENERATE_INFOPLIST_FILE = YES;
				INFOPLIST_FILE = ConstraintsDemo/Info.plist;
				INFOPLIST_KEY_UIApplicationSupportsIndirectInputEvents = YES;
				INFOPLIST_KEY_UILaunchStoryboardName = LaunchScreen;
				INFOPLIST_KEY_UIMainStoryboardFile = Main;
				INFOPLIST_KEY_UISupportedInterfaceOrientations_iPad = "UIInterfaceOrientationPortrait UIInterfaceOrientationPortraitUpsideDown UIInterfaceOrientationLandscapeLeft UIInterfaceOrientationLandscapeRight";
				INFOPLIST_KEY_UISupportedInterfaceOrientations_iPhone = "UIInterfaceOrientationPortrait UIInterfaceOrientationLandscapeLeft UIInterfaceOrientationLandscapeRight";
				LD_RUNPATH_SEARCH_PATHS = (
					"$(inherited)",
					"@executable_path/Frameworks",
				);
				MARKETING_VERSION = 1.0;
				PRODUCT_BUNDLE_IDENTIFIER = sapan.ConstraintsDemo;
				PRODUCT_NAME = "$(TARGET_NAME)";
				SWIFT_EMIT_LOC_STRINGS = YES;
				SWIFT_VERSION = 5.0;
				TARGETED_DEVICE_FAMILY = "1,2";
			};
			name = Debug;
		};
		CEFD524D280EACDC001BEFB1 /* Release */ = {
			isa = XCBuildConfiguration;
			buildSettings = {
				ASSETCATALOG_COMPILER_APPICON_NAME = AppIcon;
				ASSETCATALOG_COMPILER_GLOBAL_ACCENT_COLOR_NAME = AccentColor;
				CODE_SIGN_STYLE = Automatic;
				CURRENT_PROJECT_VERSION = 1;
				DEVELOPMENT_TEAM = CR2VUWWTB9;
				GENERATE_INFOPLIST_FILE = YES;
				INFOPLIST_FILE = ConstraintsDemo/Info.plist;
				INFOPLIST_KEY_UIApplicationSupportsIndirectInputEvents = YES;
				INFOPLIST_KEY_UILaunchStoryboardName = LaunchScreen;
				INFOPLIST_KEY_UIMainStoryboardFile = Main;
				INFOPLIST_KEY_UISupportedInterfaceOrientations_iPad = "UIInterfaceOrientationPortrait UIInterfaceOrientationPortraitUpsideDown UIInterfaceOrientationLandscapeLeft UIInterfaceOrientationLandscapeRight";
				INFOPLIST_KEY_UISupportedInterfaceOrientations_iPhone = "UIInterfaceOrientationPortrait UIInterfaceOrientationLandscapeLeft UIInterfaceOrientationLandscapeRight";
				LD_RUNPATH_SEARCH_PATHS = (
					"$(inherited)",
					"@executable_path/Frameworks",
				);
				MARKETING_VERSION = 1.0;
				PRODUCT_BUNDLE_IDENTIFIER = sapan.ConstraintsDemo;
				PRODUCT_NAME = "$(TARGET_NAME)";
				SWIFT_EMIT_LOC_STRINGS = YES;
				SWIFT_VERSION = 5.0;
				TARGETED_DEVICE_FAMILY = "1,2";
			};
			name = Release;
		};
		CEFD524F280EACDC001BEFB1 /* Debug */ = {
			isa = XCBuildConfiguration;
			buildSettings = {
				ALWAYS_EMBED_SWIFT_STANDARD_LIBRARIES = YES;
				BUNDLE_LOADER = "$(TEST_HOST)";
				CODE_SIGN_STYLE = Automatic;
				CURRENT_PROJECT_VERSION = 1;
				DEVELOPMENT_TEAM = CR2VUWWTB9;
				GENERATE_INFOPLIST_FILE = YES;
				IPHONEOS_DEPLOYMENT_TARGET = 15.4;
				MARKETING_VERSION = 1.0;
				PRODUCT_BUNDLE_IDENTIFIER = sapan.ConstraintsDemoTests;
				PRODUCT_NAME = "$(TARGET_NAME)";
				SWIFT_EMIT_LOC_STRINGS = NO;
				SWIFT_VERSION = 5.0;
				TARGETED_DEVICE_FAMILY = "1,2";
				TEST_HOST = "$(BUILT_PRODUCTS_DIR)/ConstraintsDemo.app/ConstraintsDemo";
			};
			name = Debug;
		};
		CEFD5250280EACDC001BEFB1 /* Release */ = {
			isa = XCBuildConfiguration;
			buildSettings = {
				ALWAYS_EMBED_SWIFT_STANDARD_LIBRARIES = YES;
				BUNDLE_LOADER = "$(TEST_HOST)";
				CODE_SIGN_STYLE = Automatic;
				CURRENT_PROJECT_VERSION = 1;
				DEVELOPMENT_TEAM = CR2VUWWTB9;
				GENERATE_INFOPLIST_FILE = YES;
				IPHONEOS_DEPLOYMENT_TARGET = 15.4;
				MARKETING_VERSION = 1.0;
				PRODUCT_BUNDLE_IDENTIFIER = sapan.ConstraintsDemoTests;
				PRODUCT_NAME = "$(TARGET_NAME)";
				SWIFT_EMIT_LOC_STRINGS = NO;
				SWIFT_VERSION = 5.0;
				TARGETED_DEVICE_FAMILY = "1,2";
				TEST_HOST = "$(BUILT_PRODUCTS_DIR)/ConstraintsDemo.app/ConstraintsDemo";
			};
			name = Release;
		};
		CEFD5252280EACDC001BEFB1 /* Debug */ = {
			isa = XCBuildConfiguration;
			buildSettings = {
				ALWAYS_EMBED_SWIFT_STANDARD_LIBRARIES = YES;
				CODE_SIGN_STYLE = Automatic;
				CURRENT_PROJECT_VERSION = 1;
				DEVELOPMENT_TEAM = CR2VUWWTB9;
				GENERATE_INFOPLIST_FILE = YES;
				MARKETING_VERSION = 1.0;
				PRODUCT_BUNDLE_IDENTIFIER = sapan.ConstraintsDemoUITests;
				PRODUCT_NAME = "$(TARGET_NAME)";
				SWIFT_EMIT_LOC_STRINGS = NO;
				SWIFT_VERSION = 5.0;
				TARGETED_DEVICE_FAMILY = "1,2";
				TEST_TARGET_NAME = ConstraintsDemo;
			};
			name = Debug;
		};
		CEFD5253280EACDC001BEFB1 /* Release */ = {
			isa = XCBuildConfiguration;
			buildSettings = {
				ALWAYS_EMBED_SWIFT_STANDARD_LIBRARIES = YES;
				CODE_SIGN_STYLE = Automatic;
				CURRENT_PROJECT_VERSION = 1;
				DEVELOPMENT_TEAM = CR2VUWWTB9;
				GENERATE_INFOPLIST_FILE = YES;
				MARKETING_VERSION = 1.0;
				PRODUCT_BUNDLE_IDENTIFIER = sapan.ConstraintsDemoUITests;
				PRODUCT_NAME = "$(TARGET_NAME)";
				SWIFT_EMIT_LOC_STRINGS = NO;
				SWIFT_VERSION = 5.0;
				TARGETED_DEVICE_FAMILY = "1,2";
				TEST_TARGET_NAME = ConstraintsDemo;
			};
			name = Release;
		};
/* End XCBuildConfiguration section */

/* Begin XCConfigurationList section */
		CEFD5219280EACD6001BEFB1 /* Build configuration list for PBXProject "ConstraintsDemo" */ = {
			isa = XCConfigurationList;
			buildConfigurations = (
				CEFD5249280EACDC001BEFB1 /* Debug */,
				CEFD524A280EACDC001BEFB1 /* Release */,
			);
			defaultConfigurationIsVisible = 0;
			defaultConfigurationName = Release;
		};
		CEFD524B280EACDC001BEFB1 /* Build configuration list for PBXNativeTarget "ConstraintsDemo" */ = {
			isa = XCConfigurationList;
			buildConfigurations = (
				CEFD524C280EACDC001BEFB1 /* Debug */,
				CEFD524D280EACDC001BEFB1 /* Release */,
			);
			defaultConfigurationIsVisible = 0;
			defaultConfigurationName = Release;
		};
		CEFD524E280EACDC001BEFB1 /* Build configuration list for PBXNativeTarget "ConstraintsDemoTests" */ = {
			isa = XCConfigurationList;
			buildConfigurations = (
				CEFD524F280EACDC001BEFB1 /* Debug */,
				CEFD5250280EACDC001BEFB1 /* Release */,
			);
			defaultConfigurationIsVisible = 0;
			defaultConfigurationName = Release;
		};
		CEFD5251280EACDC001BEFB1 /* Build configuration list for PBXNativeTarget "ConstraintsDemoUITests" */ = {
			isa = XCConfigurationList;
			buildConfigurations = (
				CEFD5252280EACDC001BEFB1 /* Debug */,
				CEFD5253280EACDC001BEFB1 /* Release */,
			);
			defaultConfigurationIsVisible = 0;
			defaultConfigurationName = Release;
		};
/* End XCConfigurationList section */

/* Begin XCVersionGroup section */
		CEFD522A280EACD7001BEFB1 /* ConstraintsDemo.xcdatamodeld */ = {
			isa = XCVersionGroup;
			children = (
				CEFD522B280EACD7001BEFB1 /* ConstraintsDemo.xcdatamodel */,
			);
			currentVersion = CEFD522B280EACD7001BEFB1 /* ConstraintsDemo.xcdatamodel */;
			path = ConstraintsDemo.xcdatamodeld;
			sourceTree = "<group>";
			versionGroupType = wrapper.xcdatamodel;
		};
/* End XCVersionGroup section */
	};
	rootObject = CEFD5216280EACD6001BEFB1 /* Project object */;
}
